// !$*UTF8*$!
{
	archiveVersion = 1;
	classes = {
	};
	objectVersion = 46;
	objects = {

/* Begin PBXBuildFile section */
		04987AF01D2515A400095155 /* main.m in Sources */ = {isa = PBXBuildFile; fileRef = 04987AEF1D2515A400095155 /* main.m */; };
		04987AF31D2515A400095155 /* AppDelegate.m in Sources */ = {isa = PBXBuildFile; fileRef = 04987AF21D2515A400095155 /* AppDelegate.m */; };
		04987AF61D2515A400095155 /* ViewController.m in Sources */ = {isa = PBXBuildFile; fileRef = 04987AF51D2515A400095155 /* ViewController.m */; };
		04987AF91D2515A400095155 /* Main.storyboard in Resources */ = {isa = PBXBuildFile; fileRef = 04987AF71D2515A400095155 /* Main.storyboard */; };
		04987AFB1D2515A400095155 /* Assets.xcassets in Resources */ = {isa = PBXBuildFile; fileRef = 04987AFA1D2515A400095155 /* Assets.xcassets */; };
		04987AFE1D2515A400095155 /* LaunchScreen.storyboard in Resources */ = {isa = PBXBuildFile; fileRef = 04987AFC1D2515A400095155 /* LaunchScreen.storyboard */; };
		04987B091D2515A400095155 /* GitTestTests.m in Sources */ = {isa = PBXBuildFile; fileRef = 04987B081D2515A400095155 /* GitTestTests.m */; };
		04987B141D2515A400095155 /* GitTestUITests.m in Sources */ = {isa = PBXBuildFile; fileRef = 04987B131D2515A400095155 /* GitTestUITests.m */; };
/* End PBXBuildFile section */

/* Begin PBXContainerItemProxy section */
		04987B051D2515A400095155 /* PBXContainerItemProxy */ = {
			isa = PBXContainerItemProxy;
			containerPortal = 04987AE31D2515A400095155 /* Project object */;
			proxyType = 1;
			remoteGlobalIDString = 04987AEA1D2515A400095155;
			remoteInfo = GitTest;
		};
		04987B101D2515A400095155 /* PBXContainerItemProxy */ = {
			isa = PBXContainerItemProxy;
			containerPortal = 04987AE31D2515A400095155 /* Project object */;
			proxyType = 1;
			remoteGlobalIDString = 04987AEA1D2515A400095155;
			remoteInfo = GitTest;
		};
/* End PBXContainerItemProxy section */

/* Begin PBXFileReference section */
		04987AEB1D2515A400095155 /* GitTest.app */ = {isa = PBXFileReference; explicitFileType = wrapper.application; includeInIndex = 0; path = GitTest.app; sourceTree = BUILT_PRODUCTS_DIR; };
		04987AEF1D2515A400095155 /* main.m */ = {isa = PBXFileReference; lastKnownFileType = sourcecode.c.objc; path = main.m; sourceTree = "<group>"; };
		04987AF11D2515A400095155 /* AppDelegate.h */ = {isa = PBXFileReference; lastKnownFileType = sourcecode.c.h; path = AppDelegate.h; sourceTree = "<group>"; };
		04987AF21D2515A400095155 /* AppDelegate.m */ = {isa = PBXFileReference; lastKnownFileType = sourcecode.c.objc; path = AppDelegate.m; sourceTree = "<group>"; };
		04987AF41D2515A400095155 /* ViewController.h */ = {isa = PBXFileReference; lastKnownFileType = sourcecode.c.h; path = ViewController.h; sourceTree = "<group>"; };
		04987AF51D2515A400095155 /* ViewController.m */ = {isa = PBXFileReference; lastKnownFileType = sourcecode.c.objc; path = ViewController.m; sourceTree = "<group>"; };
		04987AF81D2515A400095155 /* Base */ = {isa = PBXFileReference; lastKnownFileType = file.storyboard; name = Base; path = Base.lproj/Main.storyboard; sourceTree = "<group>"; };
		04987AFA1D2515A400095155 /* Assets.xcassets */ = {isa = PBXFileReference; lastKnownFileType = folder.assetcatalog; path = Assets.xcassets; sourceTree = "<group>"; };
		04987AFD1D2515A400095155 /* Base */ = {isa = PBXFileReference; lastKnownFileType = file.storyboard; name = Base; path = Base.lproj/LaunchScreen.storyboard; sourceTree = "<group>"; };
		04987AFF1D2515A400095155 /* Info.plist */ = {isa = PBXFileReference; lastKnownFileType = text.plist.xml; path = Info.plist; sourceTree = "<group>"; };
		04987B041D2515A400095155 /* GitTestTests.xctest */ = {isa = PBXFileReference; explicitFileType = wrapper.cfbundle; includeInIndex = 0; path = GitTestTests.xctest; sourceTree = BUILT_PRODUCTS_DIR; };
		04987B081D2515A400095155 /* GitTestTests.m */ = {isa = PBXFileReference; lastKnownFileType = sourcecode.c.objc; path = GitTestTests.m; sourceTree = "<group>"; };
		04987B0A1D2515A400095155 /* Info.plist */ = {isa = PBXFileReference; lastKnownFileType = text.plist.xml; path = Info.plist; sourceTree = "<group>"; };
		04987B0F1D2515A400095155 /* GitTestUITests.xctest */ = {isa = PBXFileReference; explicitFileType = wrapper.cfbundle; includeInIndex = 0; path = GitTestUITests.xctest; sourceTree = BUILT_PRODUCTS_DIR; };
		04987B131D2515A400095155 /* GitTestUITests.m */ = {isa = PBXFileReference; lastKnownFileType = sourcecode.c.objc; path = GitTestUITests.m; sourceTree = "<group>"; };
		04987B151D2515A400095155 /* Info.plist */ = {isa = PBXFileReference; lastKnownFileType = text.plist.xml; path = Info.plist; sourceTree = "<group>"; };
/* End PBXFileReference section */

/* Begin PBXFrameworksBuildPhase section */
		04987AE81D2515A400095155 /* Frameworks */ = {
			isa = PBXFrameworksBuildPhase;
			buildActionMask = 2147483647;
			files = (
			);
			runOnlyForDeploymentPostprocessing = 0;
		};
		04987B011D2515A400095155 /* Frameworks */ = {
			isa = PBXFrameworksBuildPhase;
			buildActionMask = 2147483647;
			files = (
			);
			runOnlyForDeploymentPostprocessing = 0;
		};
		04987B0C1D2515A400095155 /* Frameworks */ = {
			isa = PBXFrameworksBuildPhase;
			buildActionMask = 2147483647;
			files = (
			);
			runOnlyForDeploymentPostprocessing = 0;
		};
/* End PBXFrameworksBuildPhase section */

/* Begin PBXGroup section */
		04987AE21D2515A400095155 = {
			isa = PBXGroup;
			children = (
				04987AED1D2515A400095155 /* GitTest */,
				04987B071D2515A400095155 /* GitTestTests */,
				04987B121D2515A400095155 /* GitTestUITests */,
				04987AEC1D2515A400095155 /* Products */,
			);
			sourceTree = "<group>";
		};
		04987AEC1D2515A400095155 /* Products */ = {
			isa = PBXGroup;
			children = (
				04987AEB1D2515A400095155 /* GitTest.app */,
				04987B041D2515A400095155 /* GitTestTests.xctest */,
				04987B0F1D2515A400095155 /* GitTestUITests.xctest */,
			);
			name = Products;
			sourceTree = "<group>";
		};
		04987AED1D2515A400095155 /* GitTest */ = {
			isa = PBXGroup;
			children = (
				04987AF11D2515A400095155 /* AppDelegate.h */,
				04987AF21D2515A400095155 /* AppDelegate.m */,
				04987AF41D2515A400095155 /* ViewController.h */,
				04987AF51D2515A400095155 /* ViewController.m */,
				04987AF71D2515A400095155 /* Main.storyboard */,
				04987AFA1D2515A400095155 /* Assets.xcassets */,
				04987AFC1D2515A400095155 /* LaunchScreen.storyboard */,
				04987AFF1D2515A400095155 /* Info.plist */,
				04987AEE1D2515A400095155 /* Supporting Files */,
			);
			path = GitTest;
			sourceTree = "<group>";
		};
		04987AEE1D2515A400095155 /* Supporting Files */ = {
			isa = PBXGroup;
			children = (
				04987AEF1D2515A400095155 /* main.m */,
			);
			name = "Supporting Files";
			sourceTree = "<group>";
		};
		04987B071D2515A400095155 /* GitTestTests */ = {
			isa = PBXGroup;
			children = (
				04987B081D2515A400095155 /* GitTestTests.m */,
				04987B0A1D2515A400095155 /* Info.plist */,
			);
			path = GitTestTests;
			sourceTree = "<group>";
		};
		04987B121D2515A400095155 /* GitTestUITests */ = {
			isa = PBXGroup;
			children = (
				04987B131D2515A400095155 /* GitTestUITests.m */,
				04987B151D2515A400095155 /* Info.plist */,
			);
			path = GitTestUITests;
			sourceTree = "<group>";
		};
/* End PBXGroup section */

/* Begin PBXNativeTarget section */
		04987AEA1D2515A400095155 /* GitTest */ = {
			isa = PBXNativeTarget;
			buildConfigurationList = 04987B181D2515A400095155 /* Build configuration list for PBXNativeTarget "GitTest" */;
			buildPhases = (
				04987AE71D2515A400095155 /* Sources */,
				04987AE81D2515A400095155 /* Frameworks */,
				04987AE91D2515A400095155 /* Resources */,
			);
			buildRules = (
			);
			dependencies = (
			);
			name = GitTest;
			productName = GitTest;
			productReference = 04987AEB1D2515A400095155 /* GitTest.app */;
			productType = "com.apple.product-type.application";
		};
		04987B031D2515A400095155 /* GitTestTests */ = {
			isa = PBXNativeTarget;
			buildConfigurationList = 04987B1B1D2515A400095155 /* Build configuration list for PBXNativeTarget "GitTestTests" */;
			buildPhases = (
				04987B001D2515A400095155 /* Sources */,
				04987B011D2515A400095155 /* Frameworks */,
				04987B021D2515A400095155 /* Resources */,
			);
			buildRules = (
			);
			dependencies = (
				04987B061D2515A400095155 /* PBXTargetDependency */,
			);
			name = GitTestTests;
			productName = GitTestTests;
			productReference = 04987B041D2515A400095155 /* GitTestTests.xctest */;
			productType = "com.apple.product-type.bundle.unit-test";
		};
		04987B0E1D2515A400095155 /* GitTestUITests */ = {
			isa = PBXNativeTarget;
			buildConfigurationList = 04987B1E1D2515A400095155 /* Build configuration list for PBXNativeTarget "GitTestUITests" */;
			buildPhases = (
				04987B0B1D2515A400095155 /* Sources */,
				04987B0C1D2515A400095155 /* Frameworks */,
				04987B0D1D2515A400095155 /* Resources */,
			);
			buildRules = (
			);
			dependencies = (
				04987B111D2515A400095155 /* PBXTargetDependency */,
			);
			name = GitTestUITests;
			productName = GitTestUITests;
			productReference = 04987B0F1D2515A400095155 /* GitTestUITests.xctest */;
			productType = "com.apple.product-type.bundle.ui-testing";
		};
/* End PBXNativeTarget section */

/* Begin PBXProject section */
		04987AE31D2515A400095155 /* Project object */ = {
			isa = PBXProject;
			attributes = {
				LastUpgradeCheck = 0720;
				ORGANIZATIONNAME = mac;
				TargetAttributes = {
					04987AEA1D2515A400095155 = {
						CreatedOnToolsVersion = 7.2;
					};
					04987B031D2515A400095155 = {
						CreatedOnToolsVersion = 7.2;
						TestTargetID = 04987AEA1D2515A400095155;
					};
					04987B0E1D2515A400095155 = {
						CreatedOnToolsVersion = 7.2;
						TestTargetID = 04987AEA1D2515A400095155;
					};
				};
			};
			buildConfigurationList = 04987AE61D2515A400095155 /* Build configuration list for PBXProject "GitTest" */;
			compatibilityVersion = "Xcode 3.2";
			developmentRegion = English;
			hasScannedForEncodings = 0;
			knownRegions = (
				en,
				Base,
			);
			mainGroup = 04987AE21D2515A400095155;
			productRefGroup = 04987AEC1D2515A400095155 /* Products */;
			projectDirPath = "";
			projectRoot = "";
			targets = (
				04987AEA1D2515A400095155 /* GitTest */,
				04987B031D2515A400095155 /* GitTestTests */,
				04987B0E1D2515A400095155 /* GitTestUITests */,
			);
		};
/* End PBXProject section */

/* Begin PBXResourcesBuildPhase section */
		04987AE91D2515A400095155 /* Resources */ = {
			isa = PBXResourcesBuildPhase;
			buildActionMask = 2147483647;
			files = (
				04987AFE1D2515A400095155 /* LaunchScreen.storyboard in Resources */,
				04987AFB1D2515A400095155 /* Assets.xcassets in Resources */,
				04987AF91D2515A400095155 /* Main.storyboard in Resources */,
			);
			runOnlyForDeploymentPostprocessing = 0;
		};
		04987B021D2515A400095155 /* Resources */ = {
			isa = PBXResourcesBuildPhase;
			buildActionMask = 2147483647;
			files = (
			);
			runOnlyForDeploymentPostprocessing = 0;
		};
		04987B0D1D2515A400095155 /* Resources */ = {
			isa = PBXResourcesBuildPhase;
			buildActionMask = 2147483647;
			files = (
			);
			runOnlyForDeploymentPostprocessing = 0;
		};
/* End PBXResourcesBuildPhase section */

/* Begin PBXSourcesBuildPhase section */
		04987AE71D2515A400095155 /* Sources */ = {
			isa = PBXSourcesBuildPhase;
			buildActionMask = 2147483647;
			files = (
				04987AF61D2515A400095155 /* ViewController.m in Sources */,
				04987AF31D2515A400095155 /* AppDelegate.m in Sources */,
				04987AF01D2515A400095155 /* main.m in Sources */,
			);
			runOnlyForDeploymentPostprocessing = 0;
		};
		04987B001D2515A400095155 /* Sources */ = {
			isa = PBXSourcesBuildPhase;
			buildActionMask = 2147483647;
			files = (
				04987B091D2515A400095155 /* GitTestTests.m in Sources */,
			);
			runOnlyForDeploymentPostprocessing = 0;
		};
		04987B0B1D2515A400095155 /* Sources */ = {
			isa = PBXSourcesBuildPhase;
			buildActionMask = 2147483647;
			files = (
				04987B141D2515A400095155 /* GitTestUITests.m in Sources */,
			);
			runOnlyForDeploymentPostprocessing = 0;
		};
/* End PBXSourcesBuildPhase section */

/* Begin PBXTargetDependency section */
		04987B061D2515A400095155 /* PBXTargetDependency */ = {
			isa = PBXTargetDependency;
			target = 04987AEA1D2515A400095155 /* GitTest */;
			targetProxy = 04987B051D2515A400095155 /* PBXContainerItemProxy */;
		};
		04987B111D2515A400095155 /* PBXTargetDependency */ = {
			isa = PBXTargetDependency;
			target = 04987AEA1D2515A400095155 /* GitTest */;
			targetProxy = 04987B101D2515A400095155 /* PBXContainerItemProxy */;
		};
/* End PBXTargetDependency section */

/* Begin PBXVariantGroup section */
		04987AF71D2515A400095155 /* Main.storyboard */ = {
			isa = PBXVariantGroup;
			children = (
				04987AF81D2515A400095155 /* Base */,
			);
			name = Main.storyboard;
			sourceTree = "<group>";
		};
		04987AFC1D2515A400095155 /* LaunchScreen.storyboard */ = {
			isa = PBXVariantGroup;
			children = (
				04987AFD1D2515A400095155 /* Base */,
			);
			name = LaunchScreen.storyboard;
			sourceTree = "<group>";
		};
/* End PBXVariantGroup section */

/* Begin XCBuildConfiguration section */
		04987B161D2515A400095155 /* Debug */ = {
			isa = XCBuildConfiguration;
			buildSettings = {
				ALWAYS_SEARCH_USER_PATHS = NO;
				CLANG_CXX_LANGUAGE_STANDARD = "gnu++0x";
				CLANG_CXX_LIBRARY = "libc++";
				CLANG_ENABLE_MODULES = YES;
				CLANG_ENABLE_OBJC_ARC = YES;
				CLANG_WARN_BOOL_CONVERSION = YES;
				CLANG_WARN_CONSTANT_CONVERSION = YES;
				CLANG_WARN_DIRECT_OBJC_ISA_USAGE = YES_ERROR;
				CLANG_WARN_EMPTY_BODY = YES;
				CLANG_WARN_ENUM_CONVERSION = YES;
				CLANG_WARN_INT_CONVERSION = YES;
				CLANG_WARN_OBJC_ROOT_CLASS = YES_ERROR;
				CLANG_WARN_UNREACHABLE_CODE = YES;
				CLANG_WARN__DUPLICATE_METHOD_MATCH = YES;
				"CODE_SIGN_IDENTITY[sdk=iphoneos*]" = "iPhone Developer";
				COPY_PHASE_STRIP = NO;
				DEBUG_INFORMATION_FORMAT = dwarf;
				ENABLE_STRICT_OBJC_MSGSEND = YES;
				ENABLE_TESTABILITY = YES;
				GCC_C_LANGUAGE_STANDARD = gnu99;
				GCC_DYNAMIC_NO_PIC = NO;
				GCC_NO_COMMON_BLOCKS = YES;
				GCC_OPTIMIZATION_LEVEL = 0;
				GCC_PREPROCESSOR_DEFINITIONS = (
					"DEBUG=1",
					"$(inherited)",
				);
				GCC_WARN_64_TO_32_BIT_CONVERSION = YES;
				GCC_WARN_ABOUT_RETURN_TYPE = YES_ERROR;
				GCC_WARN_UNDECLARED_SELECTOR = YES;
				GCC_WARN_UNINITIALIZED_AUTOS = YES_AGGRESSIVE;
				GCC_WARN_UNUSED_FUNCTION = YES;
				GCC_WARN_UNUSED_VARIABLE = YES;
				IPHONEOS_DEPLOYMENT_TARGET = 9.2;
				MTL_ENABLE_DEBUG_INFO = YES;
				ONLY_ACTIVE_ARCH = YES;
				SDKROOT = iphoneos;
			};
			name = Debug;
		};
		04987B171D2515A400095155 /* Release */ = {
			isa = XCBuildConfiguration;
			buildSettings = {
				ALWAYS_SEARCH_USER_PATHS = NO;
				CLANG_CXX_LANGUAGE_STANDARD = "gnu++0x";
				CLANG_CXX_LIBRARY = "libc++";
				CLANG_ENABLE_MODULES = YES;
				CLANG_ENABLE_OBJC_ARC = YES;
				CLANG_WARN_BOOL_CONVERSION = YES;
				CLANG_WARN_CONSTANT_CONVERSION = YES;
				CLANG_WARN_DIRECT_OBJC_ISA_USAGE = YES_ERROR;
				CLANG_WARN_EMPTY_BODY = YES;
				CLANG_WARN_ENUM_CONVERSION = YES;
				CLANG_WARN_INT_CONVERSION = YES;
				CLANG_WARN_OBJC_ROOT_CLASS = YES_ERROR;
				CLANG_WARN_UNREACHABLE_CODE = YES;
				CLANG_WARN__DUPLICATE_METHOD_MATCH = YES;
				"CODE_SIGN_IDENTITY[sdk=iphoneos*]" = "iPhone Developer";
				COPY_PHASE_STRIP = NO;
				DEBUG_INFORMATION_FORMAT = "dwarf-with-dsym";
				ENABLE_NS_ASSERTIONS = NO;
				ENABLE_STRICT_OBJC_MSGSEND = YES;
				GCC_C_LANGUAGE_STANDARD = gnu99;
				GCC_NO_COMMON_BLOCKS = YES;
				GCC_WARN_64_TO_32_BIT_CONVERSION = YES;
				GCC_WARN_ABOUT_RETURN_TYPE = YES_ERROR;
				GCC_WARN_UNDECLARED_SELECTOR = YES;
				GCC_WARN_UNINITIALIZED_AUTOS = YES_AGGRESSIVE;
				GCC_WARN_UNUSED_FUNCTION = YES;
				GCC_WARN_UNUSED_VARIABLE = YES;
				IPHONEOS_DEPLOYMENT_TARGET = 9.2;
				MTL_ENABLE_DEBUG_INFO = NO;
				SDKROOT = iphoneos;
				VALIDATE_PRODUCT = YES;
			};
			name = Release;
		};
		04987B191D2515A400095155 /* Debug */ = {
			isa = XCBuildConfiguration;
			buildSettings = {
				ASSETCATALOG_COMPILER_APPICON_NAME = AppIcon;
				INFOPLIST_FILE = GitTest/Info.plist;
				LD_RUNPATH_SEARCH_PATHS = "$(inherited) @executable_path/Frameworks";
				PRODUCT_BUNDLE_IDENTIFIER = com.zhiyou.www.GitTest;
				PRODUCT_NAME = "$(TARGET_NAME)";
			};
			name = Debug;
		};
		04987B1A1D2515A400095155 /* Release */ = {
			isa = XCBuildConfiguration;
			buildSettings = {
				ASSETCATALOG_COMPILER_APPICON_NAME = AppIcon;
				INFOPLIST_FILE = GitTest/Info.plist;
				LD_RUNPATH_SEARCH_PATHS = "$(inherited) @executable_path/Frameworks";
				PRODUCT_BUNDLE_IDENTIFIER = com.zhiyou.www.GitTest;
				PRODUCT_NAME = "$(TARGET_NAME)";
			};
			name = Release;
		};
		04987B1C1D2515A400095155 /* Debug */ = {
			isa = XCBuildConfiguration;
			buildSettings = {
				BUNDLE_LOADER = "$(TEST_HOST)";
				INFOPLIST_FILE = GitTestTests/Info.plist;
				LD_RUNPATH_SEARCH_PATHS = "$(inherited) @executable_path/Frameworks @loader_path/Frameworks";
				PRODUCT_BUNDLE_IDENTIFIER = com.zhiyou.www.GitTestTests;
				PRODUCT_NAME = "$(TARGET_NAME)";
				TEST_HOST = "$(BUILT_PRODUCTS_DIR)/GitTest.app/GitTest";
			};
			name = Debug;
		};
		04987B1D1D2515A400095155 /* Release */ = {
			isa = XCBuildConfiguration;
			buildSettings = {
				BUNDLE_LOADER = "$(TEST_HOST)";
				INFOPLIST_FILE = GitTestTests/Info.plist;
				LD_RUNPATH_SEARCH_PATHS = "$(inherited) @executable_path/Frameworks @loader_path/Frameworks";
				PRODUCT_BUNDLE_IDENTIFIER = com.zhiyou.www.GitTestTests;
				PRODUCT_NAME = "$(TARGET_NAME)";
				TEST_HOST = "$(BUILT_PRODUCTS_DIR)/GitTest.app/GitTest";
			};
			name = Release;
		};
		04987B1F1D2515A400095155 /* Debug */ = {
			isa = XCBuildConfiguration;
			buildSettings = {
				INFOPLIST_FILE = GitTestUITests/Info.plist;
				LD_RUNPATH_SEARCH_PATHS = "$(inherited) @executable_path/Frameworks @loader_path/Frameworks";
				PRODUCT_BUNDLE_IDENTIFIER = com.zhiyou.www.GitTestUITests;
				PRODUCT_NAME = "$(TARGET_NAME)";
				TEST_TARGET_NAME = GitTest;
				USES_XCTRUNNER = YES;
			};
			name = Debug;
		};
		04987B201D2515A400095155 /* Release */ = {
			isa = XCBuildConfiguration;
			buildSettings = {
				INFOPLIST_FILE = GitTestUITests/Info.plist;
				LD_RUNPATH_SEARCH_PATHS = "$(inherited) @executable_path/Frameworks @loader_path/Frameworks";
				PRODUCT_BUNDLE_IDENTIFIER = com.zhiyou.www.GitTestUITests;
				PRODUCT_NAME = "$(TARGET_NAME)";
				TEST_TARGET_NAME = GitTest;
				USES_XCTRUNNER = YES;
			};
			name = Release;
		};
/* End XCBuildConfiguration section */

/* Begin XCConfigurationList section */
		04987AE61D2515A400095155 /* Build configuration list for PBXProject "GitTest" */ = {
			isa = XCConfigurationList;
			buildConfigurations = (
				04987B161D2515A400095155 /* Debug */,
				04987B171D2515A400095155 /* Release */,
			);
			defaultConfigurationIsVisible = 0;
			defaultConfigurationName = Release;
		};
		04987B181D2515A400095155 /* Build configuration list for PBXNativeTarget "GitTest" */ = {
			isa = XCConfigurationList;
			buildConfigurations = (
				04987B191D2515A400095155 /* Debug */,
				04987B1A1D2515A400095155 /* Release */,
			);
			defaultConfigurationIsVisible = 0;
		};
		04987B1B1D2515A400095155 /* Build configuration list for PBXNativeTarget "GitTestTests" */ = {
			isa = XCConfigurationList;
			buildConfigurations = (
				04987B1C1D2515A400095155 /* Debug */,
				04987B1D1D2515A400095155 /* Release */,
			);
			defaultConfigurationIsVisible = 0;
		};
		04987B1E1D2515A400095155 /* Build configuration list for PBXNativeTarget "GitTestUITests" */ = {
			isa = XCConfigurationList;
			buildConfigurations = (
				04987B1F1D2515A400095155 /* Debug */,
				04987B201D2515A400095155 /* Release */,
			);
			defaultConfigurationIsVisible = 0;
		};
/* End XCConfigurationList section */
	};
	rootObject = 04987AE31D2515A400095155 /* Project object */;
}
